
Microsoft Visual Studio Solution File, Format Version 12.00
# Visual Studio Version 17
VisualStudioVersion = 17.12.35527.113 d17.12
MinimumVisualStudioVersion = 10.0.40219.1
Project("{FAE04EC0-301F-11D3-BF4B-00C04F79EFBC}") = "MadiffApi", "MadiffApi\MadiffApi.csproj", "{BBC877F0-AE52-4F46-BD21-97750A1ABEEE}"
EndProject
Global
	GlobalSection(SolutionConfigurationPlatforms) = preSolution
		Debug|Any CPU = Debug|Any CPU
		Release|Any CPU = Release|Any CPU
	EndGlobalSection
	GlobalSection(ProjectConfigurationPlatforms) = postSolution
		{BBC877F0-AE52-4F46-BD21-97750A1ABEEE}.Debug|Any CPU.ActiveCfg = Debug|Any CPU
		{BBC877F0-AE52-4F46-BD21-97750A1ABEEE}.Debug|Any CPU.Build.0 = Debug|Any CPU
		{BBC877F0-AE52-4F46-BD21-97750A1ABEEE}.Release|Any CPU.ActiveCfg = Release|Any CPU
		{BBC877F0-AE52-4F46-BD21-97750A1ABEEE}.Release|Any CPU.Build.0 = Release|Any CPU
	EndGlobalSection
	GlobalSection(SolutionProperties) = preSolution
		HideSolutionNode = FALSE
	EndGlobalSection
EndGlobal
